// !$*UTF8*$!
{
	archiveVersion = 1;
	classes = {
	};
	objectVersion = 77;
	objects = {

/* Begin PBXBuildFile section */
		027B7E634948DFE7A4988349 /* SefariaTextClient.swift in Sources */ = {isa = PBXBuildFile; fileRef = 3EDD2177BE2C97B68E1056DF /* SefariaTextClient.swift */; };
		06836AD8E3F709C6183F6D45 /* NotoSerifHebrew-Regular.ttf in Resources */ = {isa = PBXBuildFile; fileRef = E339DE91CA373FC06E790ED7 /* NotoSerifHebrew-Regular.ttf */; };
		0706DF980CB1AE8E477F40E0 /* CommentaryPanelViewModel.swift in Sources */ = {isa = PBXBuildFile; fileRef = FDD864AA5726C51F90A02A1F /* CommentaryPanelViewModel.swift */; };
		093844CD4612B31EC589810D /* ContentView.swift in Sources */ = {isa = PBXBuildFile; fileRef = B2174BC073154809126EC534 /* ContentView.swift */; };
		104543102BFACC642F34CB14 /* teshuvot_siman_index.json in Resources */ = {isa = PBXBuildFile; fileRef = 9122583F0F3DADC2194BA211 /* teshuvot_siman_index.json */; };
		9949156181DF4CCFA5378EAD /* iggros_moshe_podcast_citations.json in Resources */ = {isa = PBXBuildFile; fileRef = 457B5623DB5F498584FBEEF9 /* iggros_moshe_podcast_citations.json */; };
		1B2A5F4452B8FFCB0118B1A3 /* yct_splash.mp4 in Resources */ = {isa = PBXBuildFile; fileRef = F77E3B0CA152ADB575234DA8 /* yct_splash.mp4 */; };
		281EB0F0A6A3B8A7E9D7B80A /* ein_ayah.json in Resources */ = {isa = PBXBuildFile; fileRef = F04E84E17B5834D221B5387F /* ein_ayah.json */; };
		2905807620D145DFD84AB64E /* TeshuvotPageManager.swift in Sources */ = {isa = PBXBuildFile; fileRef = EB876CE0DBD0962DC0D3A498 /* TeshuvotPageManager.swift */; };
		29C24733DF15588DF6864AFC /* yct_splash_landscape.mp4 in Resources */ = {isa = PBXBuildFile; fileRef = 2FBDE4F605AEDC8D2A3F2F0A /* yct_splash_landscape.mp4 */; };
		2A70A67DF930B4BD8090E57D /* TextModels.swift in Sources */ = {isa = PBXBuildFile; fileRef = B1720454524DF8C31EBC9631 /* TextModels.swift */; };
		2B3CA79DE1107F97DC0ED977 /* Bookmark.swift in Sources */ = {isa = PBXBuildFile; fileRef = 4650825B67A9D77A997AA710 /* Bookmark.swift */; };
		2B442BB4FB89CFC33C9A1E94 /* Rashi.ttf in Resources */ = {isa = PBXBuildFile; fileRef = 6B5D3890DE3DA6F49C1BB9BF /* Rashi.ttf */; };
		2E1F88FEE07D7157EF635EE1 /* YomiService.swift in Sources */ = {isa = PBXBuildFile; fileRef = 63287C9C4B340ECC4D610E59 /* YomiService.swift */; };
		2FA3E9EA02D6D72936159E4D /* TalmudPageManager.swift in Sources */ = {isa = PBXBuildFile; fileRef = FFF104CACB9B3F1FF79D7819 /* TalmudPageManager.swift */; };
		389CC5867F7045F009A2DBDB /* DafPageView.swift in Sources */ = {isa = PBXBuildFile; fileRef = E148EF34371DD5299E6EE7F8 /* DafPageView.swift */; };
		3B48880E9BE842A262F59FEE /* AnyTorahApp.swift in Sources */ = {isa = PBXBuildFile; fileRef = A5400738FE43CDDCA1148BD8 /* AnyTorahApp.swift */; };
		3FA4E3F7AC41351B7B570656 /* TurParagraphEngineTests.swift in Sources */ = {isa = PBXBuildFile; fileRef = EAFA95217EEA034B2D27FBFD /* TurParagraphEngineTests.swift */; };
		45F89A1F6F6A72930180F3E4 /* CommentaryPanelView.swift in Sources */ = {isa = PBXBuildFile; fileRef = B30E555492B61741604F2B7F /* CommentaryPanelView.swift */; };
		63EAFEAE8E6ADB8A3B704413 /* pages.json in Resources */ = {isa = PBXBuildFile; fileRef = 97BFCBD509B727A823273EF3 /* pages.json */; };
		6926043A2585F5F86872AF50 /* TextReaderViewModel.swift in Sources */ = {isa = PBXBuildFile; fileRef = 90D0084EA7A9E2C5650A7747 /* TextReaderViewModel.swift */; };
		759CBA97869668705CD1C121 /* TextSelectorView.swift in Sources */ = {isa = PBXBuildFile; fileRef = 11D0250468495D9ACB4FCA34 /* TextSelectorView.swift */; };
		78AE3119825986339A9B1023 /* BrandGradients.swift in Sources */ = {isa = PBXBuildFile; fileRef = 439F6135515EECD222C34577 /* BrandGradients.swift */; };
		8391ECDB8D64B00E11F2BFA6 /* DedicationBannerView.swift in Sources */ = {isa = PBXBuildFile; fileRef = 8971E52FB06D211090609113 /* DedicationBannerView.swift */; };
		87EBFB75F65879AA05E8DC8B /* SASimanNames.swift in Sources */ = {isa = PBXBuildFile; fileRef = 44F9986F9840643005A9A474 /* SASimanNames.swift */; };
		8CFCB2F577A34412E3A9348E /* BookmarkEditSheet.swift in Sources */ = {isa = PBXBuildFile; fileRef = 1182F1CB42D4E6F332A21D76 /* BookmarkEditSheet.swift */; };
		9CF80DB4BDE5854BB12208E9 /* Assets.xcassets in Resources */ = {isa = PBXBuildFile; fileRef = 298C6693258F77878D0AFED1 /* Assets.xcassets */; };
		9D04B72771B07FDF9C328A29 /* TextContentView.swift in Sources */ = {isa = PBXBuildFile; fileRef = 3DE575F1FA5EEE563E0EABBC /* TextContentView.swift */; };
		A42A7162070A8524F7D9D49C /* HebrewUtils.swift in Sources */ = {isa = PBXBuildFile; fileRef = DD1EBCB8D17D927227C6FBE5 /* HebrewUtils.swift */; };
		A899789D4EC41BE773FD28B4 /* SelectableTextView.swift in Sources */ = {isa = PBXBuildFile; fileRef = 567113EA5D31701C9F2936BC /* SelectableTextView.swift */; };
		ABF5A4982D876A769937D364 /* teshuvot_pages.json in Resources */ = {isa = PBXBuildFile; fileRef = 31ED26E14F164311652CD3EA /* teshuvot_pages.json */; };
		B223D09FDE0A48AF79F1DBDD /* AudioPlayer.swift in Sources */ = {isa = PBXBuildFile; fileRef = D9F99A8A9F70A7258CAD1EBF /* AudioPlayer.swift */; };
		B22E237171405D204B832955 /* FrankRuhlLibre-Regular.ttf in Resources */ = {isa = PBXBuildFile; fileRef = FD1883E5DFF90AEAD8F4E32E /* FrankRuhlLibre-Regular.ttf */; };
		B410D48468FC8169FF0C89B8 /* EinAyahLoader.swift in Sources */ = {isa = PBXBuildFile; fileRef = 8868CCAF5BDE2EAFCB3E68ED /* EinAyahLoader.swift */; };
		B41FC958ED052C2CCAF0668F /* BookmarkListView.swift in Sources */ = {isa = PBXBuildFile; fileRef = 0D1A091DE272567481681DA2 /* BookmarkListView.swift */; };
		B4379258D23E4718031E0BE7 /* BookmarkManager.swift in Sources */ = {isa = PBXBuildFile; fileRef = 6B56177B3360DC9563D0BB8A /* BookmarkManager.swift */; };
		C2D9D2E8FB30DA08C064D8E0 /* TurParagraphEngine.swift in Sources */ = {isa = PBXBuildFile; fileRef = 52DD8CDAE7EC2E40A50B3BC4 /* TurParagraphEngine.swift */; };
		C5D20B30D520CDCA664D81E5 /* TextReaderView.swift in Sources */ = {isa = PBXBuildFile; fileRef = A0FF8DC97327A81E10C297D0 /* TextReaderView.swift */; };
		CA618EE046866E666E6D0A18 /* SplashView.swift in Sources */ = {isa = PBXBuildFile; fileRef = 51843B948C0B1422A968C504 /* SplashView.swift */; };
		D763D920A87154A36DEF165F /* SettingsView.swift in Sources */ = {isa = PBXBuildFile; fileRef = 985DF0DB3464786C42B4558A /* SettingsView.swift */; };
		D7A4C69E10298365317E5F7B /* TextCatalog.swift in Sources */ = {isa = PBXBuildFile; fileRef = 3B36F6B827D293F0E9ACAFBF /* TextCatalog.swift */; };
		E197A7D4A2B6A249DCDA95A7 /* ContemporaryTeshuvotPageView.swift in Sources */ = {isa = PBXBuildFile; fileRef = B00BD61A149183EBE0C441EB /* ContemporaryTeshuvotPageView.swift */; };
		ED62B89CFC5035E354AF506B /* HomeCombinedView.swift in Sources */ = {isa = PBXBuildFile; fileRef = C7A7A9EF7EF165B48C320562 /* HomeCombinedView.swift */; };
		F109813E5BFBF22E28B85DF3 /* DedicationService.swift in Sources */ = {isa = PBXBuildFile; fileRef = D2304B35C5BB332EA2F7C8E4 /* DedicationService.swift */; };
		F5D983355821C456CDF19891 /* CategoryMenuView.swift in Sources */ = {isa = PBXBuildFile; fileRef = 0E4556E61538888E6C341DD9 /* CategoryMenuView.swift */; };
		F7AD86A08DEE260E6A443C38 /* RambamIntroductions.swift in Sources */ = {isa = PBXBuildFile; fileRef = 1407717DD3E83F4E86199C40 /* RambamIntroductions.swift */; };
		F9E9324043CE3158AB37523B /* NotoRashiHebrew-Regular.ttf in Resources */ = {isa = PBXBuildFile; fileRef = 5F5BF9ED32A30FE7A23DB40E /* NotoRashiHebrew-Regular.ttf */; };
		FCE16F47EDC82EAC1341F8B1 /* TalmudAudioService.swift in Sources */ = {isa = PBXBuildFile; fileRef = 9AB4EE1C8500B44CEA98EA04 /* TalmudAudioService.swift */; };
		A030A9BB7C1C9240C89CF78D /* YCTRelatedArticlesService.swift in Sources */ = {isa = PBXBuildFile; fileRef = 67288E9EFF6D36CA6F06DB66 /* YCTRelatedArticlesService.swift */; };
		012CEB29AC954EDFA10E4127 /* IggrosMoshePodcastService.swift in Sources */ = {isa = PBXBuildFile; fileRef = 762954274C404F25BC6E96B2 /* IggrosMoshePodcastService.swift */; };
		FFCB6F093B4BC608285774BC /* SafariView.swift in Sources */ = {isa = PBXBuildFile; fileRef = 248CC325C7E09F97F587FD23 /* SafariView.swift */; };
/* End PBXBuildFile section */

/* Begin PBXContainerItemProxy section */
		92D0061E31412DF62C61A560 /* PBXContainerItemProxy */ = {
			isa = PBXContainerItemProxy;
			containerPortal = BBC69EC0328AD28A9F78D0DC /* Project object */;
			proxyType = 1;
			remoteGlobalIDString = 93A78202CBAF267D92BD415C;
			remoteInfo = AnyTorah;
		};
/* End PBXContainerItemProxy section */

/* Begin PBXFileReference section */
		0D1A091DE272567481681DA2 /* BookmarkListView.swift */ = {isa = PBXFileReference; lastKnownFileType = sourcecode.swift; path = BookmarkListView.swift; sourceTree = "<group>"; };
		0E4556E61538888E6C341DD9 /* CategoryMenuView.swift */ = {isa = PBXFileReference; lastKnownFileType = sourcecode.swift; path = CategoryMenuView.swift; sourceTree = "<group>"; };
		1182F1CB42D4E6F332A21D76 /* BookmarkEditSheet.swift */ = {isa = PBXFileReference; lastKnownFileType = sourcecode.swift; path = BookmarkEditSheet.swift; sourceTree = "<group>"; };
		11D0250468495D9ACB4FCA34 /* TextSelectorView.swift */ = {isa = PBXFileReference; lastKnownFileType = sourcecode.swift; path = TextSelectorView.swift; sourceTree = "<group>"; };
		1407717DD3E83F4E86199C40 /* RambamIntroductions.swift */ = {isa = PBXFileReference; lastKnownFileType = sourcecode.swift; path = RambamIntroductions.swift; sourceTree = "<group>"; };
		298C6693258F77878D0AFED1 /* Assets.xcassets */ = {isa = PBXFileReference; lastKnownFileType = folder.assetcatalog; path = Assets.xcassets; sourceTree = "<group>"; };
		2FBDE4F605AEDC8D2A3F2F0A /* yct_splash_landscape.mp4 */ = {isa = PBXFileReference; lastKnownFileType = file; path = yct_splash_landscape.mp4; sourceTree = "<group>"; };
		31ED26E14F164311652CD3EA /* teshuvot_pages.json */ = {isa = PBXFileReference; lastKnownFileType = text.json; path = teshuvot_pages.json; sourceTree = "<group>"; };
		3B36F6B827D293F0E9ACAFBF /* TextCatalog.swift */ = {isa = PBXFileReference; lastKnownFileType = sourcecode.swift; path = TextCatalog.swift; sourceTree = "<group>"; };
		3DE575F1FA5EEE563E0EABBC /* TextContentView.swift */ = {isa = PBXFileReference; lastKnownFileType = sourcecode.swift; path = TextContentView.swift; sourceTree = "<group>"; };
		3EDD2177BE2C97B68E1056DF /* SefariaTextClient.swift */ = {isa = PBXFileReference; lastKnownFileType = sourcecode.swift; path = SefariaTextClient.swift; sourceTree = "<group>"; };
		439F6135515EECD222C34577 /* BrandGradients.swift */ = {isa = PBXFileReference; lastKnownFileType = sourcecode.swift; path = BrandGradients.swift; sourceTree = "<group>"; };
		44F9986F9840643005A9A474 /* SASimanNames.swift */ = {isa = PBXFileReference; lastKnownFileType = sourcecode.swift; path = SASimanNames.swift; sourceTree = "<group>"; };
		4650825B67A9D77A997AA710 /* Bookmark.swift */ = {isa = PBXFileReference; lastKnownFileType = sourcecode.swift; path = Bookmark.swift; sourceTree = "<group>"; };
		51843B948C0B1422A968C504 /* SplashView.swift */ = {isa = PBXFileReference; lastKnownFileType = sourcecode.swift; path = SplashView.swift; sourceTree = "<group>"; };
		52DD8CDAE7EC2E40A50B3BC4 /* TurParagraphEngine.swift */ = {isa = PBXFileReference; lastKnownFileType = sourcecode.swift; path = TurParagraphEngine.swift; sourceTree = "<group>"; };
		567113EA5D31701C9F2936BC /* SelectableTextView.swift */ = {isa = PBXFileReference; lastKnownFileType = sourcecode.swift; path = SelectableTextView.swift; sourceTree = "<group>"; };
		5F5BF9ED32A30FE7A23DB40E /* NotoRashiHebrew-Regular.ttf */ = {isa = PBXFileReference; lastKnownFileType = file; path = "NotoRashiHebrew-Regular.ttf"; sourceTree = "<group>"; };
		63287C9C4B340ECC4D610E59 /* YomiService.swift */ = {isa = PBXFileReference; lastKnownFileType = sourcecode.swift; path = YomiService.swift; sourceTree = "<group>"; };
		6B56177B3360DC9563D0BB8A /* BookmarkManager.swift */ = {isa = PBXFileReference; lastKnownFileType = sourcecode.swift; path = BookmarkManager.swift; sourceTree = "<group>"; };
		6B5D3890DE3DA6F49C1BB9BF /* Rashi.ttf */ = {isa = PBXFileReference; lastKnownFileType = file; path = Rashi.ttf; sourceTree = "<group>"; };
		8868CCAF5BDE2EAFCB3E68ED /* EinAyahLoader.swift */ = {isa = PBXFileReference; lastKnownFileType = sourcecode.swift; path = EinAyahLoader.swift; sourceTree = "<group>"; };
		8971E52FB06D211090609113 /* DedicationBannerView.swift */ = {isa = PBXFileReference; lastKnownFileType = sourcecode.swift; path = DedicationBannerView.swift; sourceTree = "<group>"; };
		90D0084EA7A9E2C5650A7747 /* TextReaderViewModel.swift */ = {isa = PBXFileReference; lastKnownFileType = sourcecode.swift; path = TextReaderViewModel.swift; sourceTree = "<group>"; };
		9122583F0F3DADC2194BA211 /* teshuvot_siman_index.json */ = {isa = PBXFileReference; lastKnownFileType = text.json; path = teshuvot_siman_index.json; sourceTree = "<group>"; };
		457B5623DB5F498584FBEEF9 /* iggros_moshe_podcast_citations.json */ = {isa = PBXFileReference; lastKnownFileType = text.json; path = iggros_moshe_podcast_citations.json; sourceTree = "<group>"; };
		97BFCBD509B727A823273EF3 /* pages.json */ = {isa = PBXFileReference; lastKnownFileType = text.json; path = pages.json; sourceTree = "<group>"; };
		985DF0DB3464786C42B4558A /* SettingsView.swift */ = {isa = PBXFileReference; lastKnownFileType = sourcecode.swift; path = SettingsView.swift; sourceTree = "<group>"; };
		9AB4EE1C8500B44CEA98EA04 /* TalmudAudioService.swift */ = {isa = PBXFileReference; lastKnownFileType = sourcecode.swift; path = TalmudAudioService.swift; sourceTree = "<group>"; };
		A0FF8DC97327A81E10C297D0 /* TextReaderView.swift */ = {isa = PBXFileReference; lastKnownFileType = sourcecode.swift; path = TextReaderView.swift; sourceTree = "<group>"; };
		A21FE02B4AAAD50249556A48 /* AnyTorah.app */ = {isa = PBXFileReference; explicitFileType = wrapper.application; includeInIndex = 0; path = AnyTorah.app; sourceTree = BUILT_PRODUCTS_DIR; };
		A5400738FE43CDDCA1148BD8 /* AnyTorahApp.swift */ = {isa = PBXFileReference; lastKnownFileType = sourcecode.swift; path = AnyTorahApp.swift; sourceTree = "<group>"; };
		B00BD61A149183EBE0C441EB /* ContemporaryTeshuvotPageView.swift */ = {isa = PBXFileReference; lastKnownFileType = sourcecode.swift; path = ContemporaryTeshuvotPageView.swift; sourceTree = "<group>"; };
		B1720454524DF8C31EBC9631 /* TextModels.swift */ = {isa = PBXFileReference; lastKnownFileType = sourcecode.swift; path = TextModels.swift; sourceTree = "<group>"; };
		B2174BC073154809126EC534 /* ContentView.swift */ = {isa = PBXFileReference; lastKnownFileType = sourcecode.swift; path = ContentView.swift; sourceTree = "<group>"; };
		B30E555492B61741604F2B7F /* CommentaryPanelView.swift */ = {isa = PBXFileReference; lastKnownFileType = sourcecode.swift; path = CommentaryPanelView.swift; sourceTree = "<group>"; };
		B9D599B6CF2DCA45372B627F /* AnyTorahTests.xctest */ = {isa = PBXFileReference; includeInIndex = 0; lastKnownFileType = wrapper.cfbundle; path = AnyTorahTests.xctest; sourceTree = BUILT_PRODUCTS_DIR; };
		C7A7A9EF7EF165B48C320562 /* HomeCombinedView.swift */ = {isa = PBXFileReference; lastKnownFileType = sourcecode.swift; path = HomeCombinedView.swift; sourceTree = "<group>"; };
		D2304B35C5BB332EA2F7C8E4 /* DedicationService.swift */ = {isa = PBXFileReference; lastKnownFileType = sourcecode.swift; path = DedicationService.swift; sourceTree = "<group>"; };
		D9F99A8A9F70A7258CAD1EBF /* AudioPlayer.swift */ = {isa = PBXFileReference; lastKnownFileType = sourcecode.swift; path = AudioPlayer.swift; sourceTree = "<group>"; };
		DD1EBCB8D17D927227C6FBE5 /* HebrewUtils.swift */ = {isa = PBXFileReference; lastKnownFileType = sourcecode.swift; path = HebrewUtils.swift; sourceTree = "<group>"; };
		E148EF34371DD5299E6EE7F8 /* DafPageView.swift */ = {isa = PBXFileReference; lastKnownFileType = sourcecode.swift; path = DafPageView.swift; sourceTree = "<group>"; };
		E339DE91CA373FC06E790ED7 /* NotoSerifHebrew-Regular.ttf */ = {isa = PBXFileReference; lastKnownFileType = file; path = "NotoSerifHebrew-Regular.ttf"; sourceTree = "<group>"; };
		EAFA95217EEA034B2D27FBFD /* TurParagraphEngineTests.swift */ = {isa = PBXFileReference; lastKnownFileType = sourcecode.swift; path = TurParagraphEngineTests.swift; sourceTree = "<group>"; };
		EB876CE0DBD0962DC0D3A498 /* TeshuvotPageManager.swift */ = {isa = PBXFileReference; lastKnownFileType = sourcecode.swift; path = TeshuvotPageManager.swift; sourceTree = "<group>"; };
		F04E84E17B5834D221B5387F /* ein_ayah.json */ = {isa = PBXFileReference; lastKnownFileType = text.json; path = ein_ayah.json; sourceTree = "<group>"; };
		F77E3B0CA152ADB575234DA8 /* yct_splash.mp4 */ = {isa = PBXFileReference; lastKnownFileType = file; path = yct_splash.mp4; sourceTree = "<group>"; };
		FCAB1E421BC1DA808AD4F5F9 /* Info.plist */ = {isa = PBXFileReference; lastKnownFileType = text.plist; path = Info.plist; sourceTree = "<group>"; };
		FD1883E5DFF90AEAD8F4E32E /* FrankRuhlLibre-Regular.ttf */ = {isa = PBXFileReference; lastKnownFileType = file; path = "FrankRuhlLibre-Regular.ttf"; sourceTree = "<group>"; };
		FDD864AA5726C51F90A02A1F /* CommentaryPanelViewModel.swift */ = {isa = PBXFileReference; lastKnownFileType = sourcecode.swift; path = CommentaryPanelViewModel.swift; sourceTree = "<group>"; };
		FFF104CACB9B3F1FF79D7819 /* TalmudPageManager.swift */ = {isa = PBXFileReference; lastKnownFileType = sourcecode.swift; path = TalmudPageManager.swift; sourceTree = "<group>"; };
		67288E9EFF6D36CA6F06DB66 /* YCTRelatedArticlesService.swift */ = {isa = PBXFileReference; lastKnownFileType = sourcecode.swift; path = YCTRelatedArticlesService.swift; sourceTree = "<group>"; };
		762954274C404F25BC6E96B2 /* IggrosMoshePodcastService.swift */ = {isa = PBXFileReference; lastKnownFileType = sourcecode.swift; path = IggrosMoshePodcastService.swift; sourceTree = "<group>"; };
		248CC325C7E09F97F587FD23 /* SafariView.swift */ = {isa = PBXFileReference; lastKnownFileType = sourcecode.swift; path = SafariView.swift; sourceTree = "<group>"; };
/* End PBXFileReference section */

/* Begin PBXGroup section */
		471913B360445DD146522895 /* AnyTorah */ = {
			isa = PBXGroup;
			children = (
				A5400738FE43CDDCA1148BD8 /* AnyTorahApp.swift */,
				298C6693258F77878D0AFED1 /* Assets.xcassets */,
				D9F99A8A9F70A7258CAD1EBF /* AudioPlayer.swift */,
				F04E84E17B5834D221B5387F /* ein_ayah.json */,
				FCAB1E421BC1DA808AD4F5F9 /* Info.plist */,
				97BFCBD509B727A823273EF3 /* pages.json */,
				31ED26E14F164311652CD3EA /* teshuvot_pages.json */,
				9122583F0F3DADC2194BA211 /* teshuvot_siman_index.json */,
				457B5623DB5F498584FBEEF9 /* iggros_moshe_podcast_citations.json */,
				2FBDE4F605AEDC8D2A3F2F0A /* yct_splash_landscape.mp4 */,
				F77E3B0CA152ADB575234DA8 /* yct_splash.mp4 */,
				A18D4F4F01C488A5A1B3900B /* API */,
				B56B8C586A9C50E18C17FBF0 /* Fonts */,
				D6590EF4160AB1940DBF8CB2 /* Models */,
				CE05DC1E90EFA5134636DEB9 /* ViewModels */,
				660F6E9B5D322776D75F4FEA /* Views */,
			);
			path = AnyTorah;
			sourceTree = "<group>";
		};
		5541ED218FB408FDC0CB4166 = {
			isa = PBXGroup;
			children = (
				471913B360445DD146522895 /* AnyTorah */,
				80E0D9387DB0C4FB91D47E37 /* AnyTorahTests */,
				F9663B80B6172721497BA942 /* Products */,
			);
			sourceTree = "<group>";
		};
		660F6E9B5D322776D75F4FEA /* Views */ = {
			isa = PBXGroup;
			children = (
				1182F1CB42D4E6F332A21D76 /* BookmarkEditSheet.swift */,
				0D1A091DE272567481681DA2 /* BookmarkListView.swift */,
				439F6135515EECD222C34577 /* BrandGradients.swift */,
				0E4556E61538888E6C341DD9 /* CategoryMenuView.swift */,
				B30E555492B61741604F2B7F /* CommentaryPanelView.swift */,
				B00BD61A149183EBE0C441EB /* ContemporaryTeshuvotPageView.swift */,
				B2174BC073154809126EC534 /* ContentView.swift */,
				E148EF34371DD5299E6EE7F8 /* DafPageView.swift */,
				8971E52FB06D211090609113 /* DedicationBannerView.swift */,
				C7A7A9EF7EF165B48C320562 /* HomeCombinedView.swift */,
				248CC325C7E09F97F587FD23 /* SafariView.swift */,
				567113EA5D31701C9F2936BC /* SelectableTextView.swift */,
				985DF0DB3464786C42B4558A /* SettingsView.swift */,
				51843B948C0B1422A968C504 /* SplashView.swift */,
				3DE575F1FA5EEE563E0EABBC /* TextContentView.swift */,
				A0FF8DC97327A81E10C297D0 /* TextReaderView.swift */,
				11D0250468495D9ACB4FCA34 /* TextSelectorView.swift */,
			);
			path = Views;
			sourceTree = "<group>";
		};
		80E0D9387DB0C4FB91D47E37 /* AnyTorahTests */ = {
			isa = PBXGroup;
			children = (
				EAFA95217EEA034B2D27FBFD /* TurParagraphEngineTests.swift */,
			);
			path = AnyTorahTests;
			sourceTree = "<group>";
		};
		A18D4F4F01C488A5A1B3900B /* API */ = {
			isa = PBXGroup;
			children = (
				D2304B35C5BB332EA2F7C8E4 /* DedicationService.swift */,
				8868CCAF5BDE2EAFCB3E68ED /* EinAyahLoader.swift */,
				3EDD2177BE2C97B68E1056DF /* SefariaTextClient.swift */,
				9AB4EE1C8500B44CEA98EA04 /* TalmudAudioService.swift */,
				FFF104CACB9B3F1FF79D7819 /* TalmudPageManager.swift */,
				EB876CE0DBD0962DC0D3A498 /* TeshuvotPageManager.swift */,
				52DD8CDAE7EC2E40A50B3BC4 /* TurParagraphEngine.swift */,
				63287C9C4B340ECC4D610E59 /* YomiService.swift */,
				67288E9EFF6D36CA6F06DB66 /* YCTRelatedArticlesService.swift */,
				762954274C404F25BC6E96B2 /* IggrosMoshePodcastService.swift */,
			);
			path = API;
			sourceTree = "<group>";
		};
		B56B8C586A9C50E18C17FBF0 /* Fonts */ = {
			isa = PBXGroup;
			children = (
				FD1883E5DFF90AEAD8F4E32E /* FrankRuhlLibre-Regular.ttf */,
				5F5BF9ED32A30FE7A23DB40E /* NotoRashiHebrew-Regular.ttf */,
				E339DE91CA373FC06E790ED7 /* NotoSerifHebrew-Regular.ttf */,
				6B5D3890DE3DA6F49C1BB9BF /* Rashi.ttf */,
			);
			path = Fonts;
			sourceTree = "<group>";
		};
		CE05DC1E90EFA5134636DEB9 /* ViewModels */ = {
			isa = PBXGroup;
			children = (
				FDD864AA5726C51F90A02A1F /* CommentaryPanelViewModel.swift */,
				90D0084EA7A9E2C5650A7747 /* TextReaderViewModel.swift */,
			);
			path = ViewModels;
			sourceTree = "<group>";
		};
		D6590EF4160AB1940DBF8CB2 /* Models */ = {
			isa = PBXGroup;
			children = (
				4650825B67A9D77A997AA710 /* Bookmark.swift */,
				6B56177B3360DC9563D0BB8A /* BookmarkManager.swift */,
				DD1EBCB8D17D927227C6FBE5 /* HebrewUtils.swift */,
				1407717DD3E83F4E86199C40 /* RambamIntroductions.swift */,
				44F9986F9840643005A9A474 /* SASimanNames.swift */,
				3B36F6B827D293F0E9ACAFBF /* TextCatalog.swift */,
				B1720454524DF8C31EBC9631 /* TextModels.swift */,
			);
			path = Models;
			sourceTree = "<group>";
		};
		F9663B80B6172721497BA942 /* Products */ = {
			isa = PBXGroup;
			children = (
				A21FE02B4AAAD50249556A48 /* AnyTorah.app */,
				B9D599B6CF2DCA45372B627F /* AnyTorahTests.xctest */,
			);
			name = Products;
			sourceTree = "<group>";
		};
/* End PBXGroup section */

/* Begin PBXNativeTarget section */
		23ECE09E9CD060898A7D381B /* AnyTorahTests */ = {
			isa = PBXNativeTarget;
			buildConfigurationList = 412E68E76E1D5150BD98BB60 /* Build configuration list for PBXNativeTarget "AnyTorahTests" */;
			buildPhases = (
				49FDD22FE8FC660A06C209A1 /* Sources */,
			);
			buildRules = (
			);
			dependencies = (
				575434E682E59B12646A5EC4 /* PBXTargetDependency */,
			);
			name = AnyTorahTests;
			packageProductDependencies = (
			);
			productName = AnyTorahTests;
			productReference = B9D599B6CF2DCA45372B627F /* AnyTorahTests.xctest */;
			productType = "com.apple.product-type.bundle.unit-test";
		};
		93A78202CBAF267D92BD415C /* AnyTorah */ = {
			isa = PBXNativeTarget;
			buildConfigurationList = B4CD286B4F3E7E0FC6261D15 /* Build configuration list for PBXNativeTarget "AnyTorah" */;
			buildPhases = (
				D6FB4CB0E8B77D9FD51F3AFD /* Sources */,
				C244CF4FF5E70493BA1E313B /* Resources */,
			);
			buildRules = (
			);
			dependencies = (
			);
			name = AnyTorah;
			packageProductDependencies = (
			);
			productName = AnyTorah;
			productReference = A21FE02B4AAAD50249556A48 /* AnyTorah.app */;
			productType = "com.apple.product-type.application";
		};
/* End PBXNativeTarget section */

/* Begin PBXProject section */
		BBC69EC0328AD28A9F78D0DC /* Project object */ = {
			isa = PBXProject;
			attributes = {
				BuildIndependentTargetsInParallel = YES;
				LastUpgradeCheck = 1500;
				TargetAttributes = {
					23ECE09E9CD060898A7D381B = {
						ProvisioningStyle = Automatic;
					};
					93A78202CBAF267D92BD415C = {
						ProvisioningStyle = Automatic;
					};
				};
			};
			buildConfigurationList = 02C64713D32B3B531ABE6AA2 /* Build configuration list for PBXProject "AnyTorah" */;
			developmentRegion = en;
			hasScannedForEncodings = 0;
			knownRegions = (
				Base,
				en,
			);
			mainGroup = 5541ED218FB408FDC0CB4166;
			minimizedProjectReferenceProxies = 1;
			preferredProjectObjectVersion = 77;
			productRefGroup = F9663B80B6172721497BA942 /* Products */;
			projectDirPath = "";
			projectRoot = "";
			targets = (
				93A78202CBAF267D92BD415C /* AnyTorah */,
				23ECE09E9CD060898A7D381B /* AnyTorahTests */,
			);
		};
/* End PBXProject section */

/* Begin PBXResourcesBuildPhase section */
		C244CF4FF5E70493BA1E313B /* Resources */ = {
			isa = PBXResourcesBuildPhase;
			buildActionMask = 2147483647;
			files = (
				9CF80DB4BDE5854BB12208E9 /* Assets.xcassets in Resources */,
				B22E237171405D204B832955 /* FrankRuhlLibre-Regular.ttf in Resources */,
				F9E9324043CE3158AB37523B /* NotoRashiHebrew-Regular.ttf in Resources */,
				06836AD8E3F709C6183F6D45 /* NotoSerifHebrew-Regular.ttf in Resources */,
				2B442BB4FB89CFC33C9A1E94 /* Rashi.ttf in Resources */,
				281EB0F0A6A3B8A7E9D7B80A /* ein_ayah.json in Resources */,
				63EAFEAE8E6ADB8A3B704413 /* pages.json in Resources */,
				ABF5A4982D876A769937D364 /* teshuvot_pages.json in Resources */,
				104543102BFACC642F34CB14 /* teshuvot_siman_index.json in Resources */,
				9949156181DF4CCFA5378EAD /* iggros_moshe_podcast_citations.json in Resources */,
				1B2A5F4452B8FFCB0118B1A3 /* yct_splash.mp4 in Resources */,
				29C24733DF15588DF6864AFC /* yct_splash_landscape.mp4 in Resources */,
			);
			runOnlyForDeploymentPostprocessing = 0;
		};
/* End PBXResourcesBuildPhase section */

/* Begin PBXSourcesBuildPhase section */
		49FDD22FE8FC660A06C209A1 /* Sources */ = {
			isa = PBXSourcesBuildPhase;
			buildActionMask = 2147483647;
			files = (
				3FA4E3F7AC41351B7B570656 /* TurParagraphEngineTests.swift in Sources */,
			);
			runOnlyForDeploymentPostprocessing = 0;
		};
		D6FB4CB0E8B77D9FD51F3AFD /* Sources */ = {
			isa = PBXSourcesBuildPhase;
			buildActionMask = 2147483647;
			files = (
				3B48880E9BE842A262F59FEE /* AnyTorahApp.swift in Sources */,
				B223D09FDE0A48AF79F1DBDD /* AudioPlayer.swift in Sources */,
				2B3CA79DE1107F97DC0ED977 /* Bookmark.swift in Sources */,
				8CFCB2F577A34412E3A9348E /* BookmarkEditSheet.swift in Sources */,
				B41FC958ED052C2CCAF0668F /* BookmarkListView.swift in Sources */,
				B4379258D23E4718031E0BE7 /* BookmarkManager.swift in Sources */,
				78AE3119825986339A9B1023 /* BrandGradients.swift in Sources */,
				F5D983355821C456CDF19891 /* CategoryMenuView.swift in Sources */,
				45F89A1F6F6A72930180F3E4 /* CommentaryPanelView.swift in Sources */,
				0706DF980CB1AE8E477F40E0 /* CommentaryPanelViewModel.swift in Sources */,
				E197A7D4A2B6A249DCDA95A7 /* ContemporaryTeshuvotPageView.swift in Sources */,
				093844CD4612B31EC589810D /* ContentView.swift in Sources */,
				389CC5867F7045F009A2DBDB /* DafPageView.swift in Sources */,
				8391ECDB8D64B00E11F2BFA6 /* DedicationBannerView.swift in Sources */,
				F109813E5BFBF22E28B85DF3 /* DedicationService.swift in Sources */,
				B410D48468FC8169FF0C89B8 /* EinAyahLoader.swift in Sources */,
				A42A7162070A8524F7D9D49C /* HebrewUtils.swift in Sources */,
				ED62B89CFC5035E354AF506B /* HomeCombinedView.swift in Sources */,
				F7AD86A08DEE260E6A443C38 /* RambamIntroductions.swift in Sources */,
				87EBFB75F65879AA05E8DC8B /* SASimanNames.swift in Sources */,
				027B7E634948DFE7A4988349 /* SefariaTextClient.swift in Sources */,
				FFCB6F093B4BC608285774BC /* SafariView.swift in Sources */,
				A899789D4EC41BE773FD28B4 /* SelectableTextView.swift in Sources */,
				D763D920A87154A36DEF165F /* SettingsView.swift in Sources */,
				CA618EE046866E666E6D0A18 /* SplashView.swift in Sources */,
				FCE16F47EDC82EAC1341F8B1 /* TalmudAudioService.swift in Sources */,
				A030A9BB7C1C9240C89CF78D /* YCTRelatedArticlesService.swift in Sources */,
				012CEB29AC954EDFA10E4127 /* IggrosMoshePodcastService.swift in Sources */,
				2FA3E9EA02D6D72936159E4D /* TalmudPageManager.swift in Sources */,
				2905807620D145DFD84AB64E /* TeshuvotPageManager.swift in Sources */,
				D7A4C69E10298365317E5F7B /* TextCatalog.swift in Sources */,
				9D04B72771B07FDF9C328A29 /* TextContentView.swift in Sources */,
				2A70A67DF930B4BD8090E57D /* TextModels.swift in Sources */,
				C5D20B30D520CDCA664D81E5 /* TextReaderView.swift in Sources */,
				6926043A2585F5F86872AF50 /* TextReaderViewModel.swift in Sources */,
				759CBA97869668705CD1C121 /* TextSelectorView.swift in Sources */,
				C2D9D2E8FB30DA08C064D8E0 /* TurParagraphEngine.swift in Sources */,
				2E1F88FEE07D7157EF635EE1 /* YomiService.swift in Sources */,
			);
			runOnlyForDeploymentPostprocessing = 0;
		};
/* End PBXSourcesBuildPhase section */

/* Begin PBXTargetDependency section */
		575434E682E59B12646A5EC4 /* PBXTargetDependency */ = {
			isa = PBXTargetDependency;
			target = 93A78202CBAF267D92BD415C /* AnyTorah */;
			targetProxy = 92D0061E31412DF62C61A560 /* PBXContainerItemProxy */;
		};
/* End PBXTargetDependency section */

/* Begin XCBuildConfiguration section */
		0BFEABC1B5BF8E3D47292FEF /* Release */ = {
			isa = XCBuildConfiguration;
			buildSettings = {
				ASSETCATALOG_COMPILER_APPICON_NAME = AppIcon;
				CODE_SIGN_IDENTITY = "iPhone Developer";
				CODE_SIGN_STYLE = Automatic;
				DEVELOPMENT_TEAM = DU44C93RZ5;
				INFOPLIST_FILE = AnyTorah/Info.plist;
				IPHONEOS_DEPLOYMENT_TARGET = 17.0;
				LD_RUNPATH_SEARCH_PATHS = (
					"$(inherited)",
					"@executable_path/Frameworks",
				);
				PRODUCT_BUNDLE_IDENTIFIER = com.anytorah.app;
				PRODUCT_NAME = AnyTorah;
				SDKROOT = iphoneos;
				SWIFT_OPTIMIZATION_LEVEL = "-O";
				TARGETED_DEVICE_FAMILY = "1,2";
			};
			name = Release;
		};
		42B242B6B0E7C3220EF615C3 /* Debug */ = {
			isa = XCBuildConfiguration;
			buildSettings = {
				BUNDLE_LOADER = "$(TEST_HOST)";
				CODE_SIGN_STYLE = Automatic;
				GENERATE_INFOPLIST_FILE = YES;
				IPHONEOS_DEPLOYMENT_TARGET = 17.0;
				LD_RUNPATH_SEARCH_PATHS = (
					"$(inherited)",
					"@executable_path/Frameworks",
					"@loader_path/Frameworks",
				);
				PRODUCT_BUNDLE_IDENTIFIER = com.anytorah.tests;
				SDKROOT = iphoneos;
				TARGETED_DEVICE_FAMILY = "1,2";
				TEST_HOST = "$(BUILT_PRODUCTS_DIR)/AnyTorah.app/AnyTorah";
			};
			name = Debug;
		};
		53023A0BB54AD43AA0E9DB36 /* Release */ = {
			isa = XCBuildConfiguration;
			buildSettings = {
				BUNDLE_LOADER = "$(TEST_HOST)";
				CODE_SIGN_STYLE = Automatic;
				GENERATE_INFOPLIST_FILE = YES;
				IPHONEOS_DEPLOYMENT_TARGET = 17.0;
				LD_RUNPATH_SEARCH_PATHS = (
					"$(inherited)",
					"@executable_path/Frameworks",
					"@loader_path/Frameworks",
				);
				PRODUCT_BUNDLE_IDENTIFIER = com.anytorah.tests;
				SDKROOT = iphoneos;
				TARGETED_DEVICE_FAMILY = "1,2";
				TEST_HOST = "$(BUILT_PRODUCTS_DIR)/AnyTorah.app/AnyTorah";
			};
			name = Release;
		};
		7E630EE0A582C15B99779F4F /* Release */ = {
			isa = XCBuildConfiguration;
			buildSettings = {
				ALWAYS_SEARCH_USER_PATHS = NO;
				CLANG_ANALYZER_NONNULL = YES;
				CLANG_ANALYZER_NUMBER_OBJECT_CONVERSION = YES_AGGRESSIVE;
				CLANG_CXX_LANGUAGE_STANDARD = "gnu++14";
				CLANG_CXX_LIBRARY = "libc++";
				CLANG_ENABLE_MODULES = YES;
				CLANG_ENABLE_OBJC_ARC = YES;
				CLANG_ENABLE_OBJC_WEAK = YES;
				CLANG_WARN_BLOCK_CAPTURE_AUTORELEASING = YES;
				CLANG_WARN_BOOL_CONVERSION = YES;
				CLANG_WARN_COMMA = YES;
				CLANG_WARN_CONSTANT_CONVERSION = YES;
				CLANG_WARN_DEPRECATED_OBJC_IMPLEMENTATIONS = YES;
				CLANG_WARN_DIRECT_OBJC_ISA_USAGE = YES_ERROR;
				CLANG_WARN_DOCUMENTATION_COMMENTS = YES;
				CLANG_WARN_EMPTY_BODY = YES;
				CLANG_WARN_ENUM_CONVERSION = YES;
				CLANG_WARN_INFINITE_RECURSION = YES;
				CLANG_WARN_INT_CONVERSION = YES;
				CLANG_WARN_NON_LITERAL_NULL_CONVERSION = YES;
				CLANG_WARN_OBJC_IMPLICIT_RETAIN_SELF = YES;
				CLANG_WARN_OBJC_LITERAL_CONVERSION = YES;
				CLANG_WARN_OBJC_ROOT_CLASS = YES_ERROR;
				CLANG_WARN_QUOTED_INCLUDE_IN_FRAMEWORK_HEADER = YES;
				CLANG_WARN_RANGE_LOOP_ANALYSIS = YES;
				CLANG_WARN_STRICT_PROTOTYPES = YES;
				CLANG_WARN_SUSPICIOUS_MOVE = YES;
				CLANG_WARN_UNGUARDED_AVAILABILITY = YES_AGGRESSIVE;
				CLANG_WARN_UNREACHABLE_CODE = YES;
				CLANG_WARN__DUPLICATE_METHOD_MATCH = YES;
				COPY_PHASE_STRIP = NO;
				DEBUG_INFORMATION_FORMAT = "dwarf-with-dsym";
				ENABLE_NS_ASSERTIONS = NO;
				ENABLE_PREVIEWS = YES;
				ENABLE_STRICT_OBJC_MSGSEND = YES;
				GCC_C_LANGUAGE_STANDARD = gnu11;
				GCC_NO_COMMON_BLOCKS = YES;
				GCC_WARN_64_TO_32_BIT_CONVERSION = YES;
				GCC_WARN_ABOUT_RETURN_TYPE = YES_ERROR;
				GCC_WARN_UNDECLARED_SELECTOR = YES;
				GCC_WARN_UNINITIALIZED_AUTOS = YES_AGGRESSIVE;
				GCC_WARN_UNUSED_FUNCTION = YES;
				GCC_WARN_UNUSED_VARIABLE = YES;
				IPHONEOS_DEPLOYMENT_TARGET = 17.0;
				MTL_ENABLE_DEBUG_INFO = NO;
				MTL_FAST_MATH = YES;
				PRODUCT_NAME = "$(TARGET_NAME)";
				SDKROOT = iphoneos;
				SWIFT_COMPILATION_MODE = wholemodule;
				SWIFT_OPTIMIZATION_LEVEL = "-O";
				SWIFT_VERSION = 5.9;
				TARGETED_DEVICE_FAMILY = "1,2";
			};
			name = Release;
		};
		DDABDBCD566DE3980D0EFC20 /* Debug */ = {
			isa = XCBuildConfiguration;
			buildSettings = {
				ASSETCATALOG_COMPILER_APPICON_NAME = AppIcon;
				CODE_SIGN_IDENTITY = "iPhone Developer";
				CODE_SIGN_STYLE = Automatic;
				DEVELOPMENT_TEAM = DU44C93RZ5;
				INFOPLIST_FILE = AnyTorah/Info.plist;
				IPHONEOS_DEPLOYMENT_TARGET = 17.0;
				LD_RUNPATH_SEARCH_PATHS = (
					"$(inherited)",
					"@executable_path/Frameworks",
				);
				PRODUCT_BUNDLE_IDENTIFIER = com.anytorah.app;
				PRODUCT_NAME = AnyTorah;
				SDKROOT = iphoneos;
				SWIFT_OPTIMIZATION_LEVEL = "-Onone";
				TARGETED_DEVICE_FAMILY = "1,2";
			};
			name = Debug;
		};
		E0439894C61563FF4DE4B1B5 /* Debug */ = {
			isa = XCBuildConfiguration;
			buildSettings = {
				ALWAYS_SEARCH_USER_PATHS = NO;
				CLANG_ANALYZER_NONNULL = YES;
				CLANG_ANALYZER_NUMBER_OBJECT_CONVERSION = YES_AGGRESSIVE;
				CLANG_CXX_LANGUAGE_STANDARD = "gnu++14";
				CLANG_CXX_LIBRARY = "libc++";
				CLANG_ENABLE_MODULES = YES;
				CLANG_ENABLE_OBJC_ARC = YES;
				CLANG_ENABLE_OBJC_WEAK = YES;
				CLANG_WARN_BLOCK_CAPTURE_AUTORELEASING = YES;
				CLANG_WARN_BOOL_CONVERSION = YES;
				CLANG_WARN_COMMA = YES;
				CLANG_WARN_CONSTANT_CONVERSION = YES;
				CLANG_WARN_DEPRECATED_OBJC_IMPLEMENTATIONS = YES;
				CLANG_WARN_DIRECT_OBJC_ISA_USAGE = YES_ERROR;
				CLANG_WARN_DOCUMENTATION_COMMENTS = YES;
				CLANG_WARN_EMPTY_BODY = YES;
				CLANG_WARN_ENUM_CONVERSION = YES;
				CLANG_WARN_INFINITE_RECURSION = YES;
				CLANG_WARN_INT_CONVERSION = YES;
				CLANG_WARN_NON_LITERAL_NULL_CONVERSION = YES;
				CLANG_WARN_OBJC_IMPLICIT_RETAIN_SELF = YES;
				CLANG_WARN_OBJC_LITERAL_CONVERSION = YES;
				CLANG_WARN_OBJC_ROOT_CLASS = YES_ERROR;
				CLANG_WARN_QUOTED_INCLUDE_IN_FRAMEWORK_HEADER = YES;
				CLANG_WARN_RANGE_LOOP_ANALYSIS = YES;
				CLANG_WARN_STRICT_PROTOTYPES = YES;
				CLANG_WARN_SUSPICIOUS_MOVE = YES;
				CLANG_WARN_UNGUARDED_AVAILABILITY = YES_AGGRESSIVE;
				CLANG_WARN_UNREACHABLE_CODE = YES;
				CLANG_WARN__DUPLICATE_METHOD_MATCH = YES;
				COPY_PHASE_STRIP = NO;
				DEBUG_INFORMATION_FORMAT = "dwarf-with-dsym";
				ENABLE_PREVIEWS = YES;
				ENABLE_STRICT_OBJC_MSGSEND = YES;
				ENABLE_TESTABILITY = YES;
				GCC_C_LANGUAGE_STANDARD = gnu11;
				GCC_DYNAMIC_NO_PIC = NO;
				GCC_NO_COMMON_BLOCKS = YES;
				GCC_OPTIMIZATION_LEVEL = 0;
				GCC_PREPROCESSOR_DEFINITIONS = (
					"$(inherited)",
					"DEBUG=1",
				);
				GCC_WARN_64_TO_32_BIT_CONVERSION = YES;
				GCC_WARN_ABOUT_RETURN_TYPE = YES_ERROR;
				GCC_WARN_UNDECLARED_SELECTOR = YES;
				GCC_WARN_UNINITIALIZED_AUTOS = YES_AGGRESSIVE;
				GCC_WARN_UNUSED_FUNCTION = YES;
				GCC_WARN_UNUSED_VARIABLE = YES;
				IPHONEOS_DEPLOYMENT_TARGET = 17.0;
				MTL_ENABLE_DEBUG_INFO = INCLUDE_SOURCE;
				MTL_FAST_MATH = YES;
				ONLY_ACTIVE_ARCH = YES;
				PRODUCT_NAME = "$(TARGET_NAME)";
				SDKROOT = iphoneos;
				SWIFT_ACTIVE_COMPILATION_CONDITIONS = DEBUG;
				SWIFT_OPTIMIZATION_LEVEL = "-Onone";
				SWIFT_VERSION = 5.9;
				TARGETED_DEVICE_FAMILY = "1,2";
			};
			name = Debug;
		};
/* End XCBuildConfiguration section */

/* Begin XCConfigurationList section */
		02C64713D32B3B531ABE6AA2 /* Build configuration list for PBXProject "AnyTorah" */ = {
			isa = XCConfigurationList;
			buildConfigurations = (
				E0439894C61563FF4DE4B1B5 /* Debug */,
				7E630EE0A582C15B99779F4F /* Release */,
			);
			defaultConfigurationIsVisible = 0;
			defaultConfigurationName = Debug;
		};
		412E68E76E1D5150BD98BB60 /* Build configuration list for PBXNativeTarget "AnyTorahTests" */ = {
			isa = XCConfigurationList;
			buildConfigurations = (
				42B242B6B0E7C3220EF615C3 /* Debug */,
				53023A0BB54AD43AA0E9DB36 /* Release */,
			);
			defaultConfigurationIsVisible = 0;
			defaultConfigurationName = Debug;
		};
		B4CD286B4F3E7E0FC6261D15 /* Build configuration list for PBXNativeTarget "AnyTorah" */ = {
			isa = XCConfigurationList;
			buildConfigurations = (
				DDABDBCD566DE3980D0EFC20 /* Debug */,
				0BFEABC1B5BF8E3D47292FEF /* Release */,
			);
			defaultConfigurationIsVisible = 0;
			defaultConfigurationName = Debug;
		};
/* End XCConfigurationList section */
	};
	rootObject = BBC69EC0328AD28A9F78D0DC /* Project object */;
}
